
Microsoft Visual Studio Solution File, Format Version 12.00
# Visual Studio Version 17
VisualStudioVersion = 17.6.33829.357
MinimumVisualStudioVersion = 10.0.40219.1
Project("{FAE04EC0-301F-11D3-BF4B-00C04F79EFBC}") = "TaskManagementSystem", "TaskManagementSystem.csproj", "{B9856998-3A73-4265-B379-8EB2E292D519}"
EndProject
Global
	GlobalSection(SolutionConfigurationPlatforms) = preSolution
		Debug|Any CPU = Debug|Any CPU
		Release|Any CPU = Release|Any CPU
	EndGlobalSection
	GlobalSection(ProjectConfigurationPlatforms) = postSolution
		{B9856998-3A73-4265-B379-8EB2E292D519}.Debug|Any CPU.ActiveCfg = Debug|Any CPU
		{B9856998-3A73-4265-B379-8EB2E292D519}.Debug|Any CPU.Build.0 = Debug|Any CPU
		{B9856998-3A73-4265-B379-8EB2E292D519}.Release|Any CPU.ActiveCfg = Release|Any CPU
		{B9856998-3A73-4265-B379-8EB2E292D519}.Release|Any CPU.Build.0 = Release|Any CPU
	EndGlobalSection
	GlobalSection(SolutionProperties) = preSolution
		HideSolutionNode = FALSE
	EndGlobalSection
	GlobalSection(ExtensibilityGlobals) = postSolution
		SolutionGuid = {999EBE74-51D5-4E77-9315-8DB52881F068}
	EndGlobalSection
EndGlobal
